
Microsoft Visual Studio Solution File, Format Version 12.00
# Visual Studio 15
VisualStudioVersion = 15.0.27130.2003
MinimumVisualStudioVersion = 10.0.40219.1
Project("{8BC9CEB8-8B4A-11D0-8D11-00A0C91BC942}") = "make.visual.2017", "make.visual.2017.vcxproj", "{7FF3AC52-48AF-40BE-8454-8B6D5106798A}"
EndProject
Global
	GlobalSection(SolutionConfigurationPlatforms) = preSolution
		Debug|x64 = Debug|x64
		Debug|x86 = Debug|x86
		Release|x64 = Release|x64
		Release|x86 = Release|x86
	EndGlobalSection
	GlobalSection(ProjectConfigurationPlatforms) = postSolution
		{7FF3AC52-48AF-40BE-8454-8B6D5106798A}.Debug|x64.ActiveCfg = Debug|x64
		{7FF3AC52-48AF-40BE-8454-8B6D5106798A}.Debug|x64.Build.0 = Debug|x64
		{7FF3AC52-48AF-40BE-8454-8B6D5106798A}.Debug|x86.ActiveCfg = Debug|Win32
		{7FF3AC52-48AF-40BE-8454-8B6D5106798A}.Debug|x86.Build.0 = Debug|Win32
		{7FF3AC52-48AF-40BE-8454-8B6D5106798A}.Release|x64.ActiveCfg = Release|x64
		{7FF3AC52-48AF-40BE-8454-8B6D5106798A}.Release|x64.Build.0 = Release|x64
		{7FF3AC52-48AF-40BE-8454-8B6D5106798A}.Release|x86.ActiveCfg = Release|Win32
		{7FF3AC52-48AF-40BE-8454-8B6D5106798A}.Release|x86.Build.0 = Release|Win32
	EndGlobalSection
	GlobalSection(SolutionProperties) = preSolution
		HideSolutionNode = FALSE
	EndGlobalSection
	GlobalSection(ExtensibilityGlobals) = postSolution
		SolutionGuid = {1216D80C-0B24-413A-94D7-B0FFA67C791C}
	EndGlobalSection
EndGlobal
